
Microsoft Visual Studio Solution File, Format Version 12.00
# Visual Studio Version 17
VisualStudioVersion = 17.6.33801.468
MinimumVisualStudioVersion = 10.0.40219.1
Project("{9A19103F-16F7-4668-BE54-9A1E7A4F7556}") = "FollowUp.API", "FollowUp.API\FollowUp.API.csproj", "{C8716612-2389-417D-8E2B-9889B46AE679}"
EndProject
Project("{9A19103F-16F7-4668-BE54-9A1E7A4F7556}") = "FollowUp.UnitTesting", "FollowUp.Test\FollowUp.UnitTesting.csproj", "{BA8E6F4E-B7E0-43AE-8D81-CDC6C20BBA6E}"
EndProject
Global
	GlobalSection(SolutionConfigurationPlatforms) = preSolution
		Debug|Any CPU = Debug|Any CPU
		Release|Any CPU = Release|Any CPU
	EndGlobalSection
	GlobalSection(ProjectConfigurationPlatforms) = postSolution
		{C8716612-2389-417D-8E2B-9889B46AE679}.Debug|Any CPU.ActiveCfg = Debug|Any CPU
		{C8716612-2389-417D-8E2B-9889B46AE679}.Debug|Any CPU.Build.0 = Debug|Any CPU
		{C8716612-2389-417D-8E2B-9889B46AE679}.Release|Any CPU.ActiveCfg = Release|Any CPU
		{C8716612-2389-417D-8E2B-9889B46AE679}.Release|Any CPU.Build.0 = Release|Any CPU
		{BA8E6F4E-B7E0-43AE-8D81-CDC6C20BBA6E}.Debug|Any CPU.ActiveCfg = Debug|Any CPU
		{BA8E6F4E-B7E0-43AE-8D81-CDC6C20BBA6E}.Debug|Any CPU.Build.0 = Debug|Any CPU
		{BA8E6F4E-B7E0-43AE-8D81-CDC6C20BBA6E}.Release|Any CPU.ActiveCfg = Release|Any CPU
		{BA8E6F4E-B7E0-43AE-8D81-CDC6C20BBA6E}.Release|Any CPU.Build.0 = Release|Any CPU
	EndGlobalSection
	GlobalSection(SolutionProperties) = preSolution
		HideSolutionNode = FALSE
	EndGlobalSection
	GlobalSection(ExtensibilityGlobals) = postSolution
		SolutionGuid = {F376CF77-F6BD-4ACF-8B5F-AD81FB4DAAF1}
	EndGlobalSection
EndGlobal
